
Microsoft Visual Studio Solution File, Format Version 12.00
# Visual Studio 2013
VisualStudioVersion = 12.0.30501.0
MinimumVisualStudioVersion = 10.0.40219.1
Project("{8BC9CEB8-8B4A-11D0-8D11-00A0C91BC942}") = "Bench Suite", "Bench Suite\Bench Suite.vcxproj", "{3BC3156C-9BBF-40A8-A402-810D9ADBAEA9}"
EndProject
Project("{8BC9CEB8-8B4A-11D0-8D11-00A0C91BC942}") = "Mod-Default", "Mod - Default\Mod - Default.vcxproj", "{E4072939-4F0A-4CC1-A00E-87428A4C7F70}"
EndProject
Project("{2150E333-8FDC-42A3-9474-1A3956D46DE8}") = "Common", "Common", "{7AA820A0-4AC8-4BB8-ADD0-67AA101A94BE}"
	ProjectSection(SolutionItems) = preProject
		common\BuildAll.cuh = common\BuildAll.cuh
		common\export.cpp = common\export.cpp
		common\export.h = common\export.h
		common\header.cuh = common\header.cuh
		common\main.cu = common\main.cu
		common\ParticleScene.h = common\ParticleScene.h
		common\ParticleScene.hpp = common\ParticleScene.hpp
		common\results.h = common\results.h
	EndProjectSection
EndProject
Project("{2150E333-8FDC-42A3-9474-1A3956D46DE8}") = "Benchmark Models", "Benchmark Models", "{9494D73E-A497-4F3E-A9D3-608D6176B493}"
	ProjectSection(SolutionItems) = preProject
		common\export.h = common\export.h
		common\benchmarks\Readme.md = common\benchmarks\Readme.md
	EndProjectSection
EndProject
Project("{2150E333-8FDC-42A3-9474-1A3956D46DE8}") = "Circles", "Circles", "{E487ECF3-316E-4D6E-8370-18A278AE0DBB}"
	ProjectSection(SolutionItems) = preProject
		common\benchmarks\circles\Circles.cuh = common\benchmarks\circles\Circles.cuh
		common\benchmarks\circles\CirclesKernels.cu = common\benchmarks\circles\CirclesKernels.cu
		common\benchmarks\circles\CirclesKernels.cuh = common\benchmarks\circles\CirclesKernels.cuh
		common\benchmarks\circles\CirclesModel.cuh = common\benchmarks\circles\CirclesModel.cuh
	EndProjectSection
EndProject
Project("{2150E333-8FDC-42A3-9474-1A3956D46DE8}") = "Null", "Null", "{14B9264F-70BF-4879-8F71-40DC080EDE8E}"
	ProjectSection(SolutionItems) = preProject
		common\benchmarks\null\Null.cuh = common\benchmarks\null\Null.cuh
		common\benchmarks\null\NullKernels.cu = common\benchmarks\null\NullKernels.cu
		common\benchmarks\null\NullKernels.cuh = common\benchmarks\null\NullKernels.cuh
		common\benchmarks\null\NullModel.cuh = common\benchmarks\null\NullModel.cuh
	EndProjectSection
EndProject
Project("{2150E333-8FDC-42A3-9474-1A3956D46DE8}") = "Near Neighbours", "Near Neighbours", "{F3652955-ABEA-4049-86F4-EF7CA128BC7F}"
	ProjectSection(SolutionItems) = preProject
		common\near_neighbours\Neighbourhood.cu = common\near_neighbours\Neighbourhood.cu
		common\near_neighbours\Neighbourhood.cuh = common\near_neighbours\Neighbourhood.cuh
		common\near_neighbours\NeighbourhoodConstants.cuh = common\near_neighbours\NeighbourhoodConstants.cuh
		common\near_neighbours\NeighbourhoodKernels.cu = common\near_neighbours\NeighbourhoodKernels.cu
		common\near_neighbours\NeighbourhoodKernels.cuh = common\near_neighbours\NeighbourhoodKernels.cuh
	EndProjectSection
EndProject
Project("{2150E333-8FDC-42A3-9474-1A3956D46DE8}") = "Visualisation", "Visualisation", "{084B650D-F893-4F09-B1A3-CC524C1B6DE7}"
	ProjectSection(SolutionItems) = preProject
		common\BuildVisualisation.h = common\BuildVisualisation.h
		common\ParticleScene.h = common\ParticleScene.h
		common\ParticleScene.hpp = common\ParticleScene.hpp
	EndProjectSection
EndProject
Project("{2150E333-8FDC-42A3-9474-1A3956D46DE8}") = "Headers", "Headers", "{E69A3BDD-4328-4D94-A7B4-6C86109F0A7F}"
	ProjectSection(SolutionItems) = preProject
		common\visualisation\Axis.h = common\visualisation\Axis.h
		common\visualisation\Camera.h = common\visualisation\Camera.h
		common\visualisation\Entity.h = common\visualisation\Entity.h
		common\visualisation\GLcheck.h = common\visualisation\GLcheck.h
		common\visualisation\Material.h = common\visualisation\Material.h
		common\visualisation\Scene.h = common\visualisation\Scene.h
		common\visualisation\Shaders.h = common\visualisation\Shaders.h
		common\visualisation\Skybox.h = common\visualisation\Skybox.h
		common\visualisation\Visualisation.h = common\visualisation\Visualisation.h
	EndProjectSection
EndProject
Project("{2150E333-8FDC-42A3-9474-1A3956D46DE8}") = "Source", "Source", "{11C5BA7E-CF8F-4350-AC48-B7206C3E5C48}"
	ProjectSection(SolutionItems) = preProject
		common\visualisation\Axis.cpp = common\visualisation\Axis.cpp
		common\visualisation\Camera.cpp = common\visualisation\Camera.cpp
		common\visualisation\Entity.cpp = common\visualisation\Entity.cpp
		common\visualisation\Material.cpp = common\visualisation\Material.cpp
		common\visualisation\Scene.cpp = common\visualisation\Scene.cpp
		common\visualisation\Shaders.cpp = common\visualisation\Shaders.cpp
		common\visualisation\Skybox.cpp = common\visualisation\Skybox.cpp
		common\visualisation\Visualisation.cpp = common\visualisation\Visualisation.cpp
	EndProjectSection
EndProject
Project("{2150E333-8FDC-42A3-9474-1A3956D46DE8}") = "util", "util", "{1BBD461F-C2FA-4539-B274-3B473E92E3C0}"
	ProjectSection(SolutionItems) = preProject
		common\visualisation\util\cuda.cuh = common\visualisation\util\cuda.cuh
	EndProjectSection
EndProject
Project("{2150E333-8FDC-42A3-9474-1A3956D46DE8}") = "Texture", "Texture", "{7DD650D1-B115-4F73-916F-2F5EEE0F5129}"
	ProjectSection(SolutionItems) = preProject
		common\visualisation\texture\Texture.h = common\visualisation\texture\Texture.h
		common\visualisation\texture\Texture2D.h = common\visualisation\texture\Texture2D.h
		common\visualisation\texture\TextureBuffer.h = common\visualisation\texture\TextureBuffer.h
		common\visualisation\texture\TextureCubeMap.h = common\visualisation\texture\TextureCubeMap.h
	EndProjectSection
EndProject
Project("{2150E333-8FDC-42A3-9474-1A3956D46DE8}") = "Texture", "Texture", "{F8A8D9A7-ACF8-444D-8D13-EC9526111673}"
	ProjectSection(SolutionItems) = preProject
		common\visualisation\texture\Texture.cpp = common\visualisation\texture\Texture.cpp
		common\visualisation\texture\Texture2D.cpp = common\visualisation\texture\Texture2D.cpp
		common\visualisation\texture\TextureBuffer.cu = common\visualisation\texture\TextureBuffer.cu
		common\visualisation\texture\TextureCubeMap.cpp = common\visualisation\texture\TextureCubeMap.cpp
	EndProjectSection
EndProject
Project("{2150E333-8FDC-42A3-9474-1A3956D46DE8}") = "common", "common", "{96F36AC3-3A10-4BE3-83C6-140FA8A4801F}"
	ProjectSection(SolutionItems) = preProject
		common\benchmarks\core\Core.cuh = common\benchmarks\core\Core.cuh
		common\benchmarks\core\CoreKernels.cu = common\benchmarks\core\CoreKernels.cu
		common\benchmarks\core\CoreKernels.cuh = common\benchmarks\core\CoreKernels.cuh
		common\benchmarks\core\CoreModel.cuh = common\benchmarks\core\CoreModel.cuh
	EndProjectSection
EndProject
Project("{8BC9CEB8-8B4A-11D0-8D11-00A0C91BC942}") = "Mod-Strips", "Mod - Strips\Mod - Strips.vcxproj", "{18FDE371-76F3-4D2B-8A4E-025F100223D5}"
EndProject
Project("{8BC9CEB8-8B4A-11D0-8D11-00A0C91BC942}") = "Mod-Morton", "Mod - Morton\Mod - Morton.vcxproj", "{E88FDA92-F5FD-4972-A33C-463A61C8B25A}"
EndProject
Project("{8BC9CEB8-8B4A-11D0-8D11-00A0C91BC942}") = "Mod-Hilbert", "Mod - Hilbert\Mod - Hilbert.vcxproj", "{1A66FCC5-290F-48CA-81EA-7CAF74FB49F9}"
EndProject
Project("{8BC9CEB8-8B4A-11D0-8D11-00A0C91BC942}") = "Mod-Peano", "Mod - Peano\Mod - Peano.vcxproj", "{E5DD0EE3-85C1-45F3-8D20-667B5B976C42}"
EndProject
Project("{8BC9CEB8-8B4A-11D0-8D11-00A0C91BC942}") = "Mod-MortonCompute", "Mod - MortonCompute\Mod - MortonCompute.vcxproj", "{E2039F00-E220-4593-9828-62155968117D}"
EndProject
Project("{8BC9CEB8-8B4A-11D0-8D11-00A0C91BC942}") = "Mod-Modular", "Mod - Modular\Mod - Modular.vcxproj", "{A20B963C-CB09-44B0-9D96-40860343028C}"
EndProject
Project("{8BC9CEB8-8B4A-11D0-8D11-00A0C91BC942}") = "Mod-ModularStrips3D", "Mod - ModularStrips3D\Mod - ModularStrips3D.vcxproj", "{AC2C50D9-CE89-4763-888E-BF1B389DE6D8}"
EndProject
Global
	GlobalSection(SolutionConfigurationPlatforms) = preSolution
		Debug GL|Mixed Platforms = Debug GL|Mixed Platforms
		Debug GL|Win32 = Debug GL|Win32
		Debug GL|x64 = Debug GL|x64
		Debug|Mixed Platforms = Debug|Mixed Platforms
		Debug|Win32 = Debug|Win32
		Debug|x64 = Debug|x64
		Release GL|Mixed Platforms = Release GL|Mixed Platforms
		Release GL|Win32 = Release GL|Win32
		Release GL|x64 = Release GL|x64
		Release|Mixed Platforms = Release|Mixed Platforms
		Release|Win32 = Release|Win32
		Release|x64 = Release|x64
	EndGlobalSection
	GlobalSection(ProjectConfigurationPlatforms) = postSolution
		{3BC3156C-9BBF-40A8-A402-810D9ADBAEA9}.Debug GL|Mixed Platforms.ActiveCfg = Debug|Win32
		{3BC3156C-9BBF-40A8-A402-810D9ADBAEA9}.Debug GL|Mixed Platforms.Build.0 = Debug|Win32
		{3BC3156C-9BBF-40A8-A402-810D9ADBAEA9}.Debug GL|Win32.ActiveCfg = Debug|Win32
		{3BC3156C-9BBF-40A8-A402-810D9ADBAEA9}.Debug GL|x64.ActiveCfg = Debug|x64
		{3BC3156C-9BBF-40A8-A402-810D9ADBAEA9}.Debug|Mixed Platforms.ActiveCfg = Debug|Win32
		{3BC3156C-9BBF-40A8-A402-810D9ADBAEA9}.Debug|Mixed Platforms.Build.0 = Debug|Win32
		{3BC3156C-9BBF-40A8-A402-810D9ADBAEA9}.Debug|Win32.ActiveCfg = Debug|Win32
		{3BC3156C-9BBF-40A8-A402-810D9ADBAEA9}.Debug|Win32.Build.0 = Debug|Win32
		{3BC3156C-9BBF-40A8-A402-810D9ADBAEA9}.Debug|x64.ActiveCfg = Debug|x64
		{3BC3156C-9BBF-40A8-A402-810D9ADBAEA9}.Debug|x64.Build.0 = Debug|x64
		{3BC3156C-9BBF-40A8-A402-810D9ADBAEA9}.Debug|x64.Deploy.0 = Debug|x64
		{3BC3156C-9BBF-40A8-A402-810D9ADBAEA9}.Release GL|Mixed Platforms.ActiveCfg = Release|Win32
		{3BC3156C-9BBF-40A8-A402-810D9ADBAEA9}.Release GL|Mixed Platforms.Build.0 = Release|Win32
		{3BC3156C-9BBF-40A8-A402-810D9ADBAEA9}.Release GL|Win32.ActiveCfg = Release|Win32
		{3BC3156C-9BBF-40A8-A402-810D9ADBAEA9}.Release GL|x64.ActiveCfg = Release|x64
		{3BC3156C-9BBF-40A8-A402-810D9ADBAEA9}.Release|Mixed Platforms.ActiveCfg = Release|Win32
		{3BC3156C-9BBF-40A8-A402-810D9ADBAEA9}.Release|Mixed Platforms.Build.0 = Release|Win32
		{3BC3156C-9BBF-40A8-A402-810D9ADBAEA9}.Release|Win32.ActiveCfg = Release|Win32
		{3BC3156C-9BBF-40A8-A402-810D9ADBAEA9}.Release|Win32.Build.0 = Release|Win32
		{3BC3156C-9BBF-40A8-A402-810D9ADBAEA9}.Release|x64.ActiveCfg = Release|x64
		{3BC3156C-9BBF-40A8-A402-810D9ADBAEA9}.Release|x64.Build.0 = Release|x64
		{E4072939-4F0A-4CC1-A00E-87428A4C7F70}.Debug GL|Mixed Platforms.ActiveCfg = Debug GL|Win32
		{E4072939-4F0A-4CC1-A00E-87428A4C7F70}.Debug GL|Mixed Platforms.Build.0 = Debug GL|Win32
		{E4072939-4F0A-4CC1-A00E-87428A4C7F70}.Debug GL|Win32.ActiveCfg = Debug GL|Win32
		{E4072939-4F0A-4CC1-A00E-87428A4C7F70}.Debug GL|Win32.Build.0 = Debug GL|Win32
		{E4072939-4F0A-4CC1-A00E-87428A4C7F70}.Debug GL|x64.ActiveCfg = Debug GL|x64
		{E4072939-4F0A-4CC1-A00E-87428A4C7F70}.Debug GL|x64.Build.0 = Debug GL|x64
		{E4072939-4F0A-4CC1-A00E-87428A4C7F70}.Debug|Mixed Platforms.ActiveCfg = Debug|Win32
		{E4072939-4F0A-4CC1-A00E-87428A4C7F70}.Debug|Mixed Platforms.Build.0 = Debug|Win32
		{E4072939-4F0A-4CC1-A00E-87428A4C7F70}.Debug|Win32.ActiveCfg = Debug|Win32
		{E4072939-4F0A-4CC1-A00E-87428A4C7F70}.Debug|Win32.Build.0 = Debug|Win32
		{E4072939-4F0A-4CC1-A00E-87428A4C7F70}.Debug|x64.ActiveCfg = Debug|x64
		{E4072939-4F0A-4CC1-A00E-87428A4C7F70}.Debug|x64.Build.0 = Debug|x64
		{E4072939-4F0A-4CC1-A00E-87428A4C7F70}.Release GL|Mixed Platforms.ActiveCfg = Release GL|Win32
		{E4072939-4F0A-4CC1-A00E-87428A4C7F70}.Release GL|Mixed Platforms.Build.0 = Release GL|Win32
		{E4072939-4F0A-4CC1-A00E-87428A4C7F70}.Release GL|Win32.ActiveCfg = Release GL|Win32
		{E4072939-4F0A-4CC1-A00E-87428A4C7F70}.Release GL|Win32.Build.0 = Release GL|Win32
		{E4072939-4F0A-4CC1-A00E-87428A4C7F70}.Release GL|x64.ActiveCfg = Release GL|x64
		{E4072939-4F0A-4CC1-A00E-87428A4C7F70}.Release GL|x64.Build.0 = Release GL|x64
		{E4072939-4F0A-4CC1-A00E-87428A4C7F70}.Release|Mixed Platforms.ActiveCfg = Release|Win32
		{E4072939-4F0A-4CC1-A00E-87428A4C7F70}.Release|Mixed Platforms.Build.0 = Release|Win32
		{E4072939-4F0A-4CC1-A00E-87428A4C7F70}.Release|Win32.ActiveCfg = Release|Win32
		{E4072939-4F0A-4CC1-A00E-87428A4C7F70}.Release|Win32.Build.0 = Release|Win32
		{E4072939-4F0A-4CC1-A00E-87428A4C7F70}.Release|x64.ActiveCfg = Release|x64
		{E4072939-4F0A-4CC1-A00E-87428A4C7F70}.Release|x64.Build.0 = Release|x64
		{18FDE371-76F3-4D2B-8A4E-025F100223D5}.Debug GL|Mixed Platforms.ActiveCfg = Debug GL|Win32
		{18FDE371-76F3-4D2B-8A4E-025F100223D5}.Debug GL|Mixed Platforms.Build.0 = Debug GL|Win32
		{18FDE371-76F3-4D2B-8A4E-025F100223D5}.Debug GL|Win32.ActiveCfg = Debug GL|Win32
		{18FDE371-76F3-4D2B-8A4E-025F100223D5}.Debug GL|Win32.Build.0 = Debug GL|Win32
		{18FDE371-76F3-4D2B-8A4E-025F100223D5}.Debug GL|x64.ActiveCfg = Debug GL|x64
		{18FDE371-76F3-4D2B-8A4E-025F100223D5}.Debug GL|x64.Build.0 = Debug GL|x64
		{18FDE371-76F3-4D2B-8A4E-025F100223D5}.Debug|Mixed Platforms.ActiveCfg = Debug|Win32
		{18FDE371-76F3-4D2B-8A4E-025F100223D5}.Debug|Mixed Platforms.Build.0 = Debug|Win32
		{18FDE371-76F3-4D2B-8A4E-025F100223D5}.Debug|Win32.ActiveCfg = Debug|Win32
		{18FDE371-76F3-4D2B-8A4E-025F100223D5}.Debug|Win32.Build.0 = Debug|Win32
		{18FDE371-76F3-4D2B-8A4E-025F100223D5}.Debug|x64.ActiveCfg = Debug|x64
		{18FDE371-76F3-4D2B-8A4E-025F100223D5}.Debug|x64.Build.0 = Debug|x64
		{18FDE371-76F3-4D2B-8A4E-025F100223D5}.Release GL|Mixed Platforms.ActiveCfg = Release GL|Win32
		{18FDE371-76F3-4D2B-8A4E-025F100223D5}.Release GL|Mixed Platforms.Build.0 = Release GL|Win32
		{18FDE371-76F3-4D2B-8A4E-025F100223D5}.Release GL|Win32.ActiveCfg = Release GL|Win32
		{18FDE371-76F3-4D2B-8A4E-025F100223D5}.Release GL|Win32.Build.0 = Release GL|Win32
		{18FDE371-76F3-4D2B-8A4E-025F100223D5}.Release GL|x64.ActiveCfg = Release GL|x64
		{18FDE371-76F3-4D2B-8A4E-025F100223D5}.Release GL|x64.Build.0 = Release GL|x64
		{18FDE371-76F3-4D2B-8A4E-025F100223D5}.Release|Mixed Platforms.ActiveCfg = Release|Win32
		{18FDE371-76F3-4D2B-8A4E-025F100223D5}.Release|Mixed Platforms.Build.0 = Release|Win32
		{18FDE371-76F3-4D2B-8A4E-025F100223D5}.Release|Win32.ActiveCfg = Release|Win32
		{18FDE371-76F3-4D2B-8A4E-025F100223D5}.Release|Win32.Build.0 = Release|Win32
		{18FDE371-76F3-4D2B-8A4E-025F100223D5}.Release|x64.ActiveCfg = Release|x64
		{18FDE371-76F3-4D2B-8A4E-025F100223D5}.Release|x64.Build.0 = Release|x64
		{E88FDA92-F5FD-4972-A33C-463A61C8B25A}.Debug GL|Mixed Platforms.ActiveCfg = Debug GL|Win32
		{E88FDA92-F5FD-4972-A33C-463A61C8B25A}.Debug GL|Mixed Platforms.Build.0 = Debug GL|Win32
		{E88FDA92-F5FD-4972-A33C-463A61C8B25A}.Debug GL|Win32.ActiveCfg = Debug GL|Win32
		{E88FDA92-F5FD-4972-A33C-463A61C8B25A}.Debug GL|Win32.Build.0 = Debug GL|Win32
		{E88FDA92-F5FD-4972-A33C-463A61C8B25A}.Debug GL|x64.ActiveCfg = Debug GL|x64
		{E88FDA92-F5FD-4972-A33C-463A61C8B25A}.Debug GL|x64.Build.0 = Debug GL|x64
		{E88FDA92-F5FD-4972-A33C-463A61C8B25A}.Debug|Mixed Platforms.ActiveCfg = Debug|Win32
		{E88FDA92-F5FD-4972-A33C-463A61C8B25A}.Debug|Mixed Platforms.Build.0 = Debug|Win32
		{E88FDA92-F5FD-4972-A33C-463A61C8B25A}.Debug|Win32.ActiveCfg = Debug|Win32
		{E88FDA92-F5FD-4972-A33C-463A61C8B25A}.Debug|Win32.Build.0 = Debug|Win32
		{E88FDA92-F5FD-4972-A33C-463A61C8B25A}.Debug|x64.ActiveCfg = Debug|x64
		{E88FDA92-F5FD-4972-A33C-463A61C8B25A}.Debug|x64.Build.0 = Debug|x64
		{E88FDA92-F5FD-4972-A33C-463A61C8B25A}.Release GL|Mixed Platforms.ActiveCfg = Release GL|Win32
		{E88FDA92-F5FD-4972-A33C-463A61C8B25A}.Release GL|Mixed Platforms.Build.0 = Release GL|Win32
		{E88FDA92-F5FD-4972-A33C-463A61C8B25A}.Release GL|Win32.ActiveCfg = Release GL|Win32
		{E88FDA92-F5FD-4972-A33C-463A61C8B25A}.Release GL|Win32.Build.0 = Release GL|Win32
		{E88FDA92-F5FD-4972-A33C-463A61C8B25A}.Release GL|x64.ActiveCfg = Release GL|x64
		{E88FDA92-F5FD-4972-A33C-463A61C8B25A}.Release GL|x64.Build.0 = Release GL|x64
		{E88FDA92-F5FD-4972-A33C-463A61C8B25A}.Release|Mixed Platforms.ActiveCfg = Release|Win32
		{E88FDA92-F5FD-4972-A33C-463A61C8B25A}.Release|Mixed Platforms.Build.0 = Release|Win32
		{E88FDA92-F5FD-4972-A33C-463A61C8B25A}.Release|Win32.ActiveCfg = Release|Win32
		{E88FDA92-F5FD-4972-A33C-463A61C8B25A}.Release|Win32.Build.0 = Release|Win32
		{E88FDA92-F5FD-4972-A33C-463A61C8B25A}.Release|x64.ActiveCfg = Release|x64
		{E88FDA92-F5FD-4972-A33C-463A61C8B25A}.Release|x64.Build.0 = Release|x64
		{1A66FCC5-290F-48CA-81EA-7CAF74FB49F9}.Debug GL|Mixed Platforms.ActiveCfg = Debug|Win32
		{1A66FCC5-290F-48CA-81EA-7CAF74FB49F9}.Debug GL|Mixed Platforms.Build.0 = Debug|Win32
		{1A66FCC5-290F-48CA-81EA-7CAF74FB49F9}.Debug GL|Win32.ActiveCfg = Debug GL|Win32
		{1A66FCC5-290F-48CA-81EA-7CAF74FB49F9}.Debug GL|Win32.Build.0 = Debug GL|Win32
		{1A66FCC5-290F-48CA-81EA-7CAF74FB49F9}.Debug GL|x64.ActiveCfg = Debug GL|x64
		{1A66FCC5-290F-48CA-81EA-7CAF74FB49F9}.Debug GL|x64.Build.0 = Debug GL|x64
		{1A66FCC5-290F-48CA-81EA-7CAF74FB49F9}.Debug|Mixed Platforms.ActiveCfg = Debug|Win32
		{1A66FCC5-290F-48CA-81EA-7CAF74FB49F9}.Debug|Mixed Platforms.Build.0 = Debug|Win32
		{1A66FCC5-290F-48CA-81EA-7CAF74FB49F9}.Debug|Win32.ActiveCfg = Debug|Win32
		{1A66FCC5-290F-48CA-81EA-7CAF74FB49F9}.Debug|Win32.Build.0 = Debug|Win32
		{1A66FCC5-290F-48CA-81EA-7CAF74FB49F9}.Debug|x64.ActiveCfg = Debug|x64
		{1A66FCC5-290F-48CA-81EA-7CAF74FB49F9}.Debug|x64.Build.0 = Debug|x64
		{1A66FCC5-290F-48CA-81EA-7CAF74FB49F9}.Release GL|Mixed Platforms.ActiveCfg = Release|Win32
		{1A66FCC5-290F-48CA-81EA-7CAF74FB49F9}.Release GL|Mixed Platforms.Build.0 = Release|Win32
		{1A66FCC5-290F-48CA-81EA-7CAF74FB49F9}.Release GL|Win32.ActiveCfg = Release GL|Win32
		{1A66FCC5-290F-48CA-81EA-7CAF74FB49F9}.Release GL|Win32.Build.0 = Release GL|Win32
		{1A66FCC5-290F-48CA-81EA-7CAF74FB49F9}.Release GL|x64.ActiveCfg = Release GL|x64
		{1A66FCC5-290F-48CA-81EA-7CAF74FB49F9}.Release GL|x64.Build.0 = Release GL|x64
		{1A66FCC5-290F-48CA-81EA-7CAF74FB49F9}.Release|Mixed Platforms.ActiveCfg = Release|Win32
		{1A66FCC5-290F-48CA-81EA-7CAF74FB49F9}.Release|Mixed Platforms.Build.0 = Release|Win32
		{1A66FCC5-290F-48CA-81EA-7CAF74FB49F9}.Release|Win32.ActiveCfg = Release|Win32
		{1A66FCC5-290F-48CA-81EA-7CAF74FB49F9}.Release|Win32.Build.0 = Release|Win32
		{1A66FCC5-290F-48CA-81EA-7CAF74FB49F9}.Release|x64.ActiveCfg = Release|x64
		{1A66FCC5-290F-48CA-81EA-7CAF74FB49F9}.Release|x64.Build.0 = Release|x64
		{E5DD0EE3-85C1-45F3-8D20-667B5B976C42}.Debug GL|Mixed Platforms.ActiveCfg = Debug|Win32
		{E5DD0EE3-85C1-45F3-8D20-667B5B976C42}.Debug GL|Mixed Platforms.Build.0 = Debug|Win32
		{E5DD0EE3-85C1-45F3-8D20-667B5B976C42}.Debug GL|Win32.ActiveCfg = Debug GL|Win32
		{E5DD0EE3-85C1-45F3-8D20-667B5B976C42}.Debug GL|Win32.Build.0 = Debug GL|Win32
		{E5DD0EE3-85C1-45F3-8D20-667B5B976C42}.Debug GL|x64.ActiveCfg = Debug GL|x64
		{E5DD0EE3-85C1-45F3-8D20-667B5B976C42}.Debug GL|x64.Build.0 = Debug GL|x64
		{E5DD0EE3-85C1-45F3-8D20-667B5B976C42}.Debug|Mixed Platforms.ActiveCfg = Debug|Win32
		{E5DD0EE3-85C1-45F3-8D20-667B5B976C42}.Debug|Mixed Platforms.Build.0 = Debug|Win32
		{E5DD0EE3-85C1-45F3-8D20-667B5B976C42}.Debug|Win32.ActiveCfg = Debug|Win32
		{E5DD0EE3-85C1-45F3-8D20-667B5B976C42}.Debug|Win32.Build.0 = Debug|Win32
		{E5DD0EE3-85C1-45F3-8D20-667B5B976C42}.Debug|x64.ActiveCfg = Debug|x64
		{E5DD0EE3-85C1-45F3-8D20-667B5B976C42}.Debug|x64.Build.0 = Debug|x64
		{E5DD0EE3-85C1-45F3-8D20-667B5B976C42}.Release GL|Mixed Platforms.ActiveCfg = Release|Win32
		{E5DD0EE3-85C1-45F3-8D20-667B5B976C42}.Release GL|Mixed Platforms.Build.0 = Release|Win32
		{E5DD0EE3-85C1-45F3-8D20-667B5B976C42}.Release GL|Win32.ActiveCfg = Release GL|Win32
		{E5DD0EE3-85C1-45F3-8D20-667B5B976C42}.Release GL|Win32.Build.0 = Release GL|Win32
		{E5DD0EE3-85C1-45F3-8D20-667B5B976C42}.Release GL|x64.ActiveCfg = Release GL|x64
		{E5DD0EE3-85C1-45F3-8D20-667B5B976C42}.Release GL|x64.Build.0 = Release GL|x64
		{E5DD0EE3-85C1-45F3-8D20-667B5B976C42}.Release|Mixed Platforms.ActiveCfg = Release|Win32
		{E5DD0EE3-85C1-45F3-8D20-667B5B976C42}.Release|Mixed Platforms.Build.0 = Release|Win32
		{E5DD0EE3-85C1-45F3-8D20-667B5B976C42}.Release|Win32.ActiveCfg = Release|Win32
		{E5DD0EE3-85C1-45F3-8D20-667B5B976C42}.Release|Win32.Build.0 = Release|Win32
		{E5DD0EE3-85C1-45F3-8D20-667B5B976C42}.Release|x64.ActiveCfg = Release|x64
		{E5DD0EE3-85C1-45F3-8D20-667B5B976C42}.Release|x64.Build.0 = Release|x64
		{E2039F00-E220-4593-9828-62155968117D}.Debug GL|Mixed Platforms.ActiveCfg = Debug|Win32
		{E2039F00-E220-4593-9828-62155968117D}.Debug GL|Mixed Platforms.Build.0 = Debug|Win32
		{E2039F00-E220-4593-9828-62155968117D}.Debug GL|Win32.ActiveCfg = Debug GL|Win32
		{E2039F00-E220-4593-9828-62155968117D}.Debug GL|Win32.Build.0 = Debug GL|Win32
		{E2039F00-E220-4593-9828-62155968117D}.Debug GL|x64.ActiveCfg = Debug GL|x64
		{E2039F00-E220-4593-9828-62155968117D}.Debug GL|x64.Build.0 = Debug GL|x64
		{E2039F00-E220-4593-9828-62155968117D}.Debug|Mixed Platforms.ActiveCfg = Debug|Win32
		{E2039F00-E220-4593-9828-62155968117D}.Debug|Mixed Platforms.Build.0 = Debug|Win32
		{E2039F00-E220-4593-9828-62155968117D}.Debug|Win32.ActiveCfg = Debug|Win32
		{E2039F00-E220-4593-9828-62155968117D}.Debug|Win32.Build.0 = Debug|Win32
		{E2039F00-E220-4593-9828-62155968117D}.Debug|x64.ActiveCfg = Debug|x64
		{E2039F00-E220-4593-9828-62155968117D}.Debug|x64.Build.0 = Debug|x64
		{E2039F00-E220-4593-9828-62155968117D}.Release GL|Mixed Platforms.ActiveCfg = Release|Win32
		{E2039F00-E220-4593-9828-62155968117D}.Release GL|Mixed Platforms.Build.0 = Release|Win32
		{E2039F00-E220-4593-9828-62155968117D}.Release GL|Win32.ActiveCfg = Release GL|Win32
		{E2039F00-E220-4593-9828-62155968117D}.Release GL|Win32.Build.0 = Release GL|Win32
		{E2039F00-E220-4593-9828-62155968117D}.Release GL|x64.ActiveCfg = Release GL|x64
		{E2039F00-E220-4593-9828-62155968117D}.Release GL|x64.Build.0 = Release GL|x64
		{E2039F00-E220-4593-9828-62155968117D}.Release|Mixed Platforms.ActiveCfg = Release|Win32
		{E2039F00-E220-4593-9828-62155968117D}.Release|Mixed Platforms.Build.0 = Release|Win32
		{E2039F00-E220-4593-9828-62155968117D}.Release|Win32.ActiveCfg = Release|Win32
		{E2039F00-E220-4593-9828-62155968117D}.Release|Win32.Build.0 = Release|Win32
		{E2039F00-E220-4593-9828-62155968117D}.Release|x64.ActiveCfg = Release|x64
		{E2039F00-E220-4593-9828-62155968117D}.Release|x64.Build.0 = Release|x64
		{A20B963C-CB09-44B0-9D96-40860343028C}.Debug GL|Mixed Platforms.ActiveCfg = Debug|Win32
		{A20B963C-CB09-44B0-9D96-40860343028C}.Debug GL|Mixed Platforms.Build.0 = Debug|Win32
		{A20B963C-CB09-44B0-9D96-40860343028C}.Debug GL|Win32.ActiveCfg = Debug GL|Win32
		{A20B963C-CB09-44B0-9D96-40860343028C}.Debug GL|Win32.Build.0 = Debug GL|Win32
		{A20B963C-CB09-44B0-9D96-40860343028C}.Debug GL|x64.ActiveCfg = Debug GL|x64
		{A20B963C-CB09-44B0-9D96-40860343028C}.Debug GL|x64.Build.0 = Debug GL|x64
		{A20B963C-CB09-44B0-9D96-40860343028C}.Debug|Mixed Platforms.ActiveCfg = Debug|Win32
		{A20B963C-CB09-44B0-9D96-40860343028C}.Debug|Mixed Platforms.Build.0 = Debug|Win32
		{A20B963C-CB09-44B0-9D96-40860343028C}.Debug|Win32.ActiveCfg = Debug|Win32
		{A20B963C-CB09-44B0-9D96-40860343028C}.Debug|Win32.Build.0 = Debug|Win32
		{A20B963C-CB09-44B0-9D96-40860343028C}.Debug|x64.ActiveCfg = Debug|x64
		{A20B963C-CB09-44B0-9D96-40860343028C}.Debug|x64.Build.0 = Debug|x64
		{A20B963C-CB09-44B0-9D96-40860343028C}.Release GL|Mixed Platforms.ActiveCfg = Release|Win32
		{A20B963C-CB09-44B0-9D96-40860343028C}.Release GL|Mixed Platforms.Build.0 = Release|Win32
		{A20B963C-CB09-44B0-9D96-40860343028C}.Release GL|Win32.ActiveCfg = Release GL|Win32
		{A20B963C-CB09-44B0-9D96-40860343028C}.Release GL|Win32.Build.0 = Release GL|Win32
		{A20B963C-CB09-44B0-9D96-40860343028C}.Release GL|x64.ActiveCfg = Release GL|x64
		{A20B963C-CB09-44B0-9D96-40860343028C}.Release GL|x64.Build.0 = Release GL|x64
		{A20B963C-CB09-44B0-9D96-40860343028C}.Release|Mixed Platforms.ActiveCfg = Release|Win32
		{A20B963C-CB09-44B0-9D96-40860343028C}.Release|Mixed Platforms.Build.0 = Release|Win32
		{A20B963C-CB09-44B0-9D96-40860343028C}.Release|Win32.ActiveCfg = Release|Win32
		{A20B963C-CB09-44B0-9D96-40860343028C}.Release|Win32.Build.0 = Release|Win32
		{A20B963C-CB09-44B0-9D96-40860343028C}.Release|x64.ActiveCfg = Release|x64
		{A20B963C-CB09-44B0-9D96-40860343028C}.Release|x64.Build.0 = Release|x64
		{AC2C50D9-CE89-4763-888E-BF1B389DE6D8}.Debug GL|Mixed Platforms.ActiveCfg = Debug|Win32
		{AC2C50D9-CE89-4763-888E-BF1B389DE6D8}.Debug GL|Mixed Platforms.Build.0 = Debug|Win32
		{AC2C50D9-CE89-4763-888E-BF1B389DE6D8}.Debug GL|Win32.ActiveCfg = Debug GL|Win32
		{AC2C50D9-CE89-4763-888E-BF1B389DE6D8}.Debug GL|Win32.Build.0 = Debug GL|Win32
		{AC2C50D9-CE89-4763-888E-BF1B389DE6D8}.Debug GL|x64.ActiveCfg = Debug GL|x64
		{AC2C50D9-CE89-4763-888E-BF1B389DE6D8}.Debug GL|x64.Build.0 = Debug GL|x64
		{AC2C50D9-CE89-4763-888E-BF1B389DE6D8}.Debug|Mixed Platforms.ActiveCfg = Debug|Win32
		{AC2C50D9-CE89-4763-888E-BF1B389DE6D8}.Debug|Mixed Platforms.Build.0 = Debug|Win32
		{AC2C50D9-CE89-4763-888E-BF1B389DE6D8}.Debug|Win32.ActiveCfg = Debug|Win32
		{AC2C50D9-CE89-4763-888E-BF1B389DE6D8}.Debug|Win32.Build.0 = Debug|Win32
		{AC2C50D9-CE89-4763-888E-BF1B389DE6D8}.Debug|x64.ActiveCfg = Debug|x64
		{AC2C50D9-CE89-4763-888E-BF1B389DE6D8}.Debug|x64.Build.0 = Debug|x64
		{AC2C50D9-CE89-4763-888E-BF1B389DE6D8}.Release GL|Mixed Platforms.ActiveCfg = Release|Win32
		{AC2C50D9-CE89-4763-888E-BF1B389DE6D8}.Release GL|Mixed Platforms.Build.0 = Release|Win32
		{AC2C50D9-CE89-4763-888E-BF1B389DE6D8}.Release GL|Win32.ActiveCfg = Release GL|Win32
		{AC2C50D9-CE89-4763-888E-BF1B389DE6D8}.Release GL|Win32.Build.0 = Release GL|Win32
		{AC2C50D9-CE89-4763-888E-BF1B389DE6D8}.Release GL|x64.ActiveCfg = Release GL|x64
		{AC2C50D9-CE89-4763-888E-BF1B389DE6D8}.Release GL|x64.Build.0 = Release GL|x64
		{AC2C50D9-CE89-4763-888E-BF1B389DE6D8}.Release|Mixed Platforms.ActiveCfg = Release|Win32
		{AC2C50D9-CE89-4763-888E-BF1B389DE6D8}.Release|Mixed Platforms.Build.0 = Release|Win32
		{AC2C50D9-CE89-4763-888E-BF1B389DE6D8}.Release|Win32.ActiveCfg = Release|Win32
		{AC2C50D9-CE89-4763-888E-BF1B389DE6D8}.Release|Win32.Build.0 = Release|Win32
		{AC2C50D9-CE89-4763-888E-BF1B389DE6D8}.Release|x64.ActiveCfg = Release|x64
		{AC2C50D9-CE89-4763-888E-BF1B389DE6D8}.Release|x64.Build.0 = Release|x64
	EndGlobalSection
	GlobalSection(SolutionProperties) = preSolution
		HideSolutionNode = FALSE
	EndGlobalSection
	GlobalSection(NestedProjects) = preSolution
		{9494D73E-A497-4F3E-A9D3-608D6176B493} = {7AA820A0-4AC8-4BB8-ADD0-67AA101A94BE}
		{E487ECF3-316E-4D6E-8370-18A278AE0DBB} = {9494D73E-A497-4F3E-A9D3-608D6176B493}
		{14B9264F-70BF-4879-8F71-40DC080EDE8E} = {9494D73E-A497-4F3E-A9D3-608D6176B493}
		{F3652955-ABEA-4049-86F4-EF7CA128BC7F} = {7AA820A0-4AC8-4BB8-ADD0-67AA101A94BE}
		{084B650D-F893-4F09-B1A3-CC524C1B6DE7} = {7AA820A0-4AC8-4BB8-ADD0-67AA101A94BE}
		{E69A3BDD-4328-4D94-A7B4-6C86109F0A7F} = {084B650D-F893-4F09-B1A3-CC524C1B6DE7}
		{11C5BA7E-CF8F-4350-AC48-B7206C3E5C48} = {084B650D-F893-4F09-B1A3-CC524C1B6DE7}
		{1BBD461F-C2FA-4539-B274-3B473E92E3C0} = {E69A3BDD-4328-4D94-A7B4-6C86109F0A7F}
		{7DD650D1-B115-4F73-916F-2F5EEE0F5129} = {E69A3BDD-4328-4D94-A7B4-6C86109F0A7F}
		{F8A8D9A7-ACF8-444D-8D13-EC9526111673} = {11C5BA7E-CF8F-4350-AC48-B7206C3E5C48}
		{96F36AC3-3A10-4BE3-83C6-140FA8A4801F} = {9494D73E-A497-4F3E-A9D3-608D6176B493}
	EndGlobalSection
EndGlobal
