
Microsoft Visual Studio Solution File, Format Version 12.00
# Visual Studio 2013
VisualStudioVersion = 12.0.30501.0
MinimumVisualStudioVersion = 10.0.40219.1
Project("{8BC9CEB8-8B4A-11D0-8D11-00A0C91BC942}") = "Bench Suite", "Bench Suite\Bench Suite.vcxproj", "{3BC3156C-9BBF-40A8-A402-810D9ADBAEA9}"
	ProjectSection(ProjectDependencies) = postProject
		{E4072939-4F0A-4CC1-A00E-87428A4C7F70} = {E4072939-4F0A-4CC1-A00E-87428A4C7F70}
	EndProjectSection
EndProject
Project("{8BC9CEB8-8B4A-11D0-8D11-00A0C91BC942}") = "Reference Implementation", "Reference Implementation\Reference Implementation.vcxproj", "{E4072939-4F0A-4CC1-A00E-87428A4C7F70}"
EndProject
Project("{2150E333-8FDC-42A3-9474-1A3956D46DE8}") = "Common", "Common", "{7AA820A0-4AC8-4BB8-ADD0-67AA101A94BE}"
	ProjectSection(SolutionItems) = preProject
		common\results.h = common\results.h
	EndProjectSection
EndProject
Global
	GlobalSection(SolutionConfigurationPlatforms) = preSolution
		Debug GL|Win32 = Debug GL|Win32
		Debug GL|x64 = Debug GL|x64
		Debug|Win32 = Debug|Win32
		Debug|x64 = Debug|x64
		Release GL|Win32 = Release GL|Win32
		Release GL|x64 = Release GL|x64
		Release|Win32 = Release|Win32
		Release|x64 = Release|x64
	EndGlobalSection
	GlobalSection(ProjectConfigurationPlatforms) = postSolution
		{3BC3156C-9BBF-40A8-A402-810D9ADBAEA9}.Debug GL|Win32.ActiveCfg = Debug|Win32
		{3BC3156C-9BBF-40A8-A402-810D9ADBAEA9}.Debug GL|Win32.Build.0 = Debug|Win32
		{3BC3156C-9BBF-40A8-A402-810D9ADBAEA9}.Debug GL|x64.ActiveCfg = Debug|x64
		{3BC3156C-9BBF-40A8-A402-810D9ADBAEA9}.Debug GL|x64.Build.0 = Debug|x64
		{3BC3156C-9BBF-40A8-A402-810D9ADBAEA9}.Debug|Win32.ActiveCfg = Debug|Win32
		{3BC3156C-9BBF-40A8-A402-810D9ADBAEA9}.Debug|Win32.Build.0 = Debug|Win32
		{3BC3156C-9BBF-40A8-A402-810D9ADBAEA9}.Debug|x64.ActiveCfg = Debug|x64
		{3BC3156C-9BBF-40A8-A402-810D9ADBAEA9}.Debug|x64.Build.0 = Debug|x64
		{3BC3156C-9BBF-40A8-A402-810D9ADBAEA9}.Debug|x64.Deploy.0 = Debug|x64
		{3BC3156C-9BBF-40A8-A402-810D9ADBAEA9}.Release GL|Win32.ActiveCfg = Release|Win32
		{3BC3156C-9BBF-40A8-A402-810D9ADBAEA9}.Release GL|Win32.Build.0 = Release|Win32
		{3BC3156C-9BBF-40A8-A402-810D9ADBAEA9}.Release GL|x64.ActiveCfg = Release|x64
		{3BC3156C-9BBF-40A8-A402-810D9ADBAEA9}.Release GL|x64.Build.0 = Release|x64
		{3BC3156C-9BBF-40A8-A402-810D9ADBAEA9}.Release|Win32.ActiveCfg = Release|Win32
		{3BC3156C-9BBF-40A8-A402-810D9ADBAEA9}.Release|Win32.Build.0 = Release|Win32
		{3BC3156C-9BBF-40A8-A402-810D9ADBAEA9}.Release|x64.ActiveCfg = Release|x64
		{3BC3156C-9BBF-40A8-A402-810D9ADBAEA9}.Release|x64.Build.0 = Release|x64
		{E4072939-4F0A-4CC1-A00E-87428A4C7F70}.Debug GL|Win32.ActiveCfg = Debug GL|Win32
		{E4072939-4F0A-4CC1-A00E-87428A4C7F70}.Debug GL|Win32.Build.0 = Debug GL|Win32
		{E4072939-4F0A-4CC1-A00E-87428A4C7F70}.Debug GL|x64.ActiveCfg = Debug GL|x64
		{E4072939-4F0A-4CC1-A00E-87428A4C7F70}.Debug GL|x64.Build.0 = Debug GL|x64
		{E4072939-4F0A-4CC1-A00E-87428A4C7F70}.Debug|Win32.ActiveCfg = Debug|Win32
		{E4072939-4F0A-4CC1-A00E-87428A4C7F70}.Debug|Win32.Build.0 = Debug|Win32
		{E4072939-4F0A-4CC1-A00E-87428A4C7F70}.Debug|x64.ActiveCfg = Debug|x64
		{E4072939-4F0A-4CC1-A00E-87428A4C7F70}.Debug|x64.Build.0 = Debug|x64
		{E4072939-4F0A-4CC1-A00E-87428A4C7F70}.Release GL|Win32.ActiveCfg = Release GL|Win32
		{E4072939-4F0A-4CC1-A00E-87428A4C7F70}.Release GL|Win32.Build.0 = Release GL|Win32
		{E4072939-4F0A-4CC1-A00E-87428A4C7F70}.Release GL|x64.ActiveCfg = Release GL|x64
		{E4072939-4F0A-4CC1-A00E-87428A4C7F70}.Release GL|x64.Build.0 = Release GL|x64
		{E4072939-4F0A-4CC1-A00E-87428A4C7F70}.Release|Win32.ActiveCfg = Release|Win32
		{E4072939-4F0A-4CC1-A00E-87428A4C7F70}.Release|Win32.Build.0 = Release|Win32
		{E4072939-4F0A-4CC1-A00E-87428A4C7F70}.Release|x64.ActiveCfg = Release|x64
		{E4072939-4F0A-4CC1-A00E-87428A4C7F70}.Release|x64.Build.0 = Release|x64
	EndGlobalSection
	GlobalSection(SolutionProperties) = preSolution
		HideSolutionNode = FALSE
	EndGlobalSection
EndGlobal
