<?xml version="1.0" encoding="utf-8"?>
<Project ToolsVersion="4.0" xmlns="http://schemas.microsoft.com/developer/msbuild/2003">
  <ItemGroup>
    <CudaCompile Include="main.cu" />
    <CudaCompile Include="Neighbourhood.cu" />
    <CudaCompile Include="NeighbourhoodKernels.cu" />
    <CudaCompile Include="CirclesKernels.cu">
      <Filter>Circles</Filter>
    </CudaCompile>
  </ItemGroup>
  <ItemGroup>
    <ClInclude Include="Neighbourhood.cuh">
      <Filter>Headers</Filter>
    </ClInclude>
    <ClInclude Include="header.cuh">
      <Filter>Headers</Filter>
    </ClInclude>
    <ClInclude Include="NeighbourhoodConstants.cuh">
      <Filter>Headers</Filter>
    </ClInclude>
    <ClInclude Include="NeighbourhoodKernels.cuh">
      <Filter>Headers</Filter>
    </ClInclude>
    <ClInclude Include="Circles.cuh">
      <Filter>Circles</Filter>
    </ClInclude>
    <ClInclude Include="CirclesKernels.cuh">
      <Filter>Circles</Filter>
    </ClInclude>
    <ClInclude Include="CirclesModel.cuh">
      <Filter>Circles</Filter>
    </ClInclude>
    <ClInclude Include="visualisation\Axis.h">
      <Filter>Headers\Visualisation</Filter>
    </ClInclude>
    <ClInclude Include="visualisation\Camera.h">
      <Filter>Headers\Visualisation</Filter>
    </ClInclude>
    <ClInclude Include="visualisation\Entity.h">
      <Filter>Headers\Visualisation</Filter>
    </ClInclude>
    <ClInclude Include="visualisation\GLcheck.h">
      <Filter>Headers\Visualisation</Filter>
    </ClInclude>
    <ClInclude Include="visualisation\Material.h">
      <Filter>Headers\Visualisation</Filter>
    </ClInclude>
    <ClInclude Include="visualisation\Visualisation.h">
      <Filter>Headers\Visualisation</Filter>
    </ClInclude>
    <ClInclude Include="visualisation\Scene.h">
      <Filter>Headers\Visualisation</Filter>
    </ClInclude>
    <ClInclude Include="visualisation\Shaders.h">
      <Filter>Headers\Visualisation</Filter>
    </ClInclude>
    <ClInclude Include="visualisation\Skybox.h">
      <Filter>Headers\Visualisation</Filter>
    </ClInclude>
    <ClInclude Include="visualisation\Texture.h">
      <Filter>Headers\Visualisation</Filter>
    </ClInclude>
    <ClInclude Include="ParticleScene.h">
      <Filter>Headers</Filter>
    </ClInclude>
    <ClInclude Include="ParticleScene.hpp">
      <Filter>Headers</Filter>
    </ClInclude>
  </ItemGroup>
  <ItemGroup>
    <Filter Include="Headers">
      <UniqueIdentifier>{9452aa1b-93c3-4ffb-935c-5551020b0151}</UniqueIdentifier>
    </Filter>
    <Filter Include="Circles">
      <UniqueIdentifier>{51a516f2-9ada-4c06-baa2-879f353861eb}</UniqueIdentifier>
    </Filter>
    <Filter Include="Headers\Visualisation">
      <UniqueIdentifier>{b0919a28-122c-44f1-98f3-fee2830c1444}</UniqueIdentifier>
    </Filter>
    <Filter Include="Visualistion">
      <UniqueIdentifier>{8a8a1952-eaee-4f0f-9df9-2a87aca09524}</UniqueIdentifier>
    </Filter>
  </ItemGroup>
  <ItemGroup>
    <ClCompile Include="visualisation\Scene.cpp">
      <Filter>Visualistion</Filter>
    </ClCompile>
    <ClCompile Include="visualisation\Shaders.cpp">
      <Filter>Visualistion</Filter>
    </ClCompile>
    <ClCompile Include="visualisation\Skybox.cpp">
      <Filter>Visualistion</Filter>
    </ClCompile>
    <ClCompile Include="visualisation\Texture.cpp">
      <Filter>Visualistion</Filter>
    </ClCompile>
    <ClCompile Include="visualisation\Visualisation.cpp">
      <Filter>Visualistion</Filter>
    </ClCompile>
    <ClCompile Include="visualisation\Axis.cpp">
      <Filter>Visualistion</Filter>
    </ClCompile>
    <ClCompile Include="visualisation\Camera.cpp">
      <Filter>Visualistion</Filter>
    </ClCompile>
    <ClCompile Include="visualisation\Entity.cpp">
      <Filter>Visualistion</Filter>
    </ClCompile>
    <ClCompile Include="visualisation\Material.cpp">
      <Filter>Visualistion</Filter>
    </ClCompile>
    <ClCompile Include="ParticleScene.cpp" />
  </ItemGroup>
</Project>